
Microsoft Visual Studio Solution File, Format Version 12.00
# Visual Studio Version 17
VisualStudioVersion = 17.2.32516.85
MinimumVisualStudioVersion = 10.0.40219.1
Project("{FAE04EC0-301F-11D3-BF4B-00C04F79EFBC}") = "Ex1.WebAppAAD", "Ex1.WebAppAAD\Ex1.WebAppAAD.csproj", "{FDFE4FB7-18FA-4896-A3E8-683ACDDA3DED}"
EndProject
Global
	GlobalSection(SolutionConfigurationPlatforms) = preSolution
		Debug|Any CPU = Debug|Any CPU
		Release|Any CPU = Release|Any CPU
	EndGlobalSection
	GlobalSection(ProjectConfigurationPlatforms) = postSolution
		{FDFE4FB7-18FA-4896-A3E8-683ACDDA3DED}.Debug|Any CPU.ActiveCfg = Debug|Any CPU
		{FDFE4FB7-18FA-4896-A3E8-683ACDDA3DED}.Debug|Any CPU.Build.0 = Debug|Any CPU
		{FDFE4FB7-18FA-4896-A3E8-683ACDDA3DED}.Release|Any CPU.ActiveCfg = Release|Any CPU
		{FDFE4FB7-18FA-4896-A3E8-683ACDDA3DED}.Release|Any CPU.Build.0 = Release|Any CPU
	EndGlobalSection
	GlobalSection(SolutionProperties) = preSolution
		HideSolutionNode = FALSE
	EndGlobalSection
	GlobalSection(ExtensibilityGlobals) = postSolution
		SolutionGuid = {5341DDBF-00D7-4024-94BD-9DB50159B813}
	EndGlobalSection
EndGlobal
